
Microsoft Visual Studio Solution File, Format Version 12.00
# Visual Studio Version 16
VisualStudioVersion = 16.0.33423.256
MinimumVisualStudioVersion = 10.0.40219.1
Project("{FAE04EC0-301F-11D3-BF4B-00C04F79EFBC}") = "Gym-Management-Website", "Gym-Management-Website.csproj", "{DC16BABA-147C-4B61-A235-58DDAD785655}"
EndProject
Project("{FAE04EC0-301F-11D3-BF4B-00C04F79EFBC}") = "Gym-Management-Website.Tests", "..\Gym-Management-Website.Tests\Gym-Management-Website.Tests.csproj", "{B3CEA69E-3957-4F13-9C4C-6F078485088F}"
EndProject
Global
	GlobalSection(SolutionConfigurationPlatforms) = preSolution
		Debug|Any CPU = Debug|Any CPU
		Release|Any CPU = Release|Any CPU
	EndGlobalSection
	GlobalSection(ProjectConfigurationPlatforms) = postSolution
		{DC16BABA-147C-4B61-A235-58DDAD785655}.Debug|Any CPU.ActiveCfg = Debug|Any CPU
		{DC16BABA-147C-4B61-A235-58DDAD785655}.Debug|Any CPU.Build.0 = Debug|Any CPU
		{DC16BABA-147C-4B61-A235-58DDAD785655}.Release|Any CPU.ActiveCfg = Release|Any CPU
		{DC16BABA-147C-4B61-A235-58DDAD785655}.Release|Any CPU.Build.0 = Release|Any CPU
		{B3CEA69E-3957-4F13-9C4C-6F078485088F}.Debug|Any CPU.ActiveCfg = Debug|Any CPU
		{B3CEA69E-3957-4F13-9C4C-6F078485088F}.Debug|Any CPU.Build.0 = Debug|Any CPU
		{B3CEA69E-3957-4F13-9C4C-6F078485088F}.Release|Any CPU.ActiveCfg = Release|Any CPU
		{B3CEA69E-3957-4F13-9C4C-6F078485088F}.Release|Any CPU.Build.0 = Release|Any CPU
	EndGlobalSection
	GlobalSection(SolutionProperties) = preSolution
		HideSolutionNode = FALSE
	EndGlobalSection
	GlobalSection(ExtensibilityGlobals) = postSolution
		SolutionGuid = {079FCC60-CFBF-4740-85EE-AE9F9530E400}
	EndGlobalSection
EndGlobal
